
Microsoft Visual Studio Solution File, Format Version 12.00
Project("{2150E333-8FDC-42A3-9474-1A3956D46DE8}") = "src", "src", "{716B35BE-99B1-45C0-A8D0-CA9243A48E96}"
EndProject
Project("{FAE04EC0-301F-11D3-BF4B-00C04F79EFBC}") = "PatHead.Framework.Uow", "src\PatHead.Framework.Uow\PatHead.Framework.Uow.csproj", "{77E87B1A-A415-463E-9134-950AA6E52C43}"
EndProject
Project("{FAE04EC0-301F-11D3-BF4B-00C04F79EFBC}") = "PatHead.Framework.Uow.EFCore", "src\PatHead.Framework.Uow.EFCore\PatHead.Framework.Uow.EFCore.csproj", "{B5BE5E93-D1C4-4629-BACD-38266569CDAC}"
EndProject
Project("{FAE04EC0-301F-11D3-BF4B-00C04F79EFBC}") = "WebApplicationTest", "test\WebApplicationTest\WebApplicationTest.csproj", "{AC867A34-3344-49EF-B96B-8A19EEFECDCF}"
EndProject
Project("{2150E333-8FDC-42A3-9474-1A3956D46DE8}") = "test", "test", "{B41D5CA3-7B41-4833-AA78-45D45095FE97}"
EndProject
Project("{FAE04EC0-301F-11D3-BF4B-00C04F79EFBC}") = "WebApplicationTest.Domain", "test\WebApplicationTest.Domain\WebApplicationTest.Domain.csproj", "{82B69016-3990-4F74-97AD-2AC351769D21}"
EndProject
Project("{FAE04EC0-301F-11D3-BF4B-00C04F79EFBC}") = "WebApplicationTest.Persistence", "test\WebApplicationTest.Persistence\WebApplicationTest.Persistence.csproj", "{13E7C5F1-5F4D-4EED-839C-E6A98D0ACBD1}"
EndProject
Global
	GlobalSection(SolutionConfigurationPlatforms) = preSolution
		Debug|Any CPU = Debug|Any CPU
		Release|Any CPU = Release|Any CPU
	EndGlobalSection
	GlobalSection(NestedProjects) = preSolution
		{77E87B1A-A415-463E-9134-950AA6E52C43} = {716B35BE-99B1-45C0-A8D0-CA9243A48E96}
		{B5BE5E93-D1C4-4629-BACD-38266569CDAC} = {716B35BE-99B1-45C0-A8D0-CA9243A48E96}
		{AC867A34-3344-49EF-B96B-8A19EEFECDCF} = {B41D5CA3-7B41-4833-AA78-45D45095FE97}
		{82B69016-3990-4F74-97AD-2AC351769D21} = {B41D5CA3-7B41-4833-AA78-45D45095FE97}
		{13E7C5F1-5F4D-4EED-839C-E6A98D0ACBD1} = {B41D5CA3-7B41-4833-AA78-45D45095FE97}
	EndGlobalSection
	GlobalSection(ProjectConfigurationPlatforms) = postSolution
		{77E87B1A-A415-463E-9134-950AA6E52C43}.Debug|Any CPU.ActiveCfg = Debug|Any CPU
		{77E87B1A-A415-463E-9134-950AA6E52C43}.Debug|Any CPU.Build.0 = Debug|Any CPU
		{77E87B1A-A415-463E-9134-950AA6E52C43}.Release|Any CPU.ActiveCfg = Release|Any CPU
		{77E87B1A-A415-463E-9134-950AA6E52C43}.Release|Any CPU.Build.0 = Release|Any CPU
		{B5BE5E93-D1C4-4629-BACD-38266569CDAC}.Debug|Any CPU.ActiveCfg = Debug|Any CPU
		{B5BE5E93-D1C4-4629-BACD-38266569CDAC}.Debug|Any CPU.Build.0 = Debug|Any CPU
		{B5BE5E93-D1C4-4629-BACD-38266569CDAC}.Release|Any CPU.ActiveCfg = Release|Any CPU
		{B5BE5E93-D1C4-4629-BACD-38266569CDAC}.Release|Any CPU.Build.0 = Release|Any CPU
		{AC867A34-3344-49EF-B96B-8A19EEFECDCF}.Debug|Any CPU.ActiveCfg = Debug|Any CPU
		{AC867A34-3344-49EF-B96B-8A19EEFECDCF}.Debug|Any CPU.Build.0 = Debug|Any CPU
		{AC867A34-3344-49EF-B96B-8A19EEFECDCF}.Release|Any CPU.ActiveCfg = Release|Any CPU
		{AC867A34-3344-49EF-B96B-8A19EEFECDCF}.Release|Any CPU.Build.0 = Release|Any CPU
		{82B69016-3990-4F74-97AD-2AC351769D21}.Debug|Any CPU.ActiveCfg = Debug|Any CPU
		{82B69016-3990-4F74-97AD-2AC351769D21}.Debug|Any CPU.Build.0 = Debug|Any CPU
		{82B69016-3990-4F74-97AD-2AC351769D21}.Release|Any CPU.ActiveCfg = Release|Any CPU
		{82B69016-3990-4F74-97AD-2AC351769D21}.Release|Any CPU.Build.0 = Release|Any CPU
		{13E7C5F1-5F4D-4EED-839C-E6A98D0ACBD1}.Debug|Any CPU.ActiveCfg = Debug|Any CPU
		{13E7C5F1-5F4D-4EED-839C-E6A98D0ACBD1}.Debug|Any CPU.Build.0 = Debug|Any CPU
		{13E7C5F1-5F4D-4EED-839C-E6A98D0ACBD1}.Release|Any CPU.ActiveCfg = Release|Any CPU
		{13E7C5F1-5F4D-4EED-839C-E6A98D0ACBD1}.Release|Any CPU.Build.0 = Release|Any CPU
	EndGlobalSection
EndGlobal
  